
Microsoft Visual Studio Solution File, Format Version 12.00
# Visual Studio 15
VisualStudioVersion = 15.0.28010.0
MinimumVisualStudioVersion = 10.0.40219.1
Project("{FAE04EC0-301F-11D3-BF4B-00C04F79EFBC}") = "Project1", "Project1\Project1.csproj", "{5EF9EC31-72BB-449B-BDF2-A93969B90562}"
EndProject
Global
	GlobalSection(SolutionConfigurationPlatforms) = preSolution
		Debug|Any CPU = Debug|Any CPU
		Release|Any CPU = Release|Any CPU
	EndGlobalSection
	GlobalSection(ProjectConfigurationPlatforms) = postSolution
		{5EF9EC31-72BB-449B-BDF2-A93969B90562}.Debug|Any CPU.ActiveCfg = Debug|Any CPU
		{5EF9EC31-72BB-449B-BDF2-A93969B90562}.Debug|Any CPU.Build.0 = Debug|Any CPU
		{5EF9EC31-72BB-449B-BDF2-A93969B90562}.Release|Any CPU.ActiveCfg = Release|Any CPU
		{5EF9EC31-72BB-449B-BDF2-A93969B90562}.Release|Any CPU.Build.0 = Release|Any CPU
	EndGlobalSection
	GlobalSection(SolutionProperties) = preSolution
		HideSolutionNode = FALSE
	EndGlobalSection
	GlobalSection(ExtensibilityGlobals) = postSolution
		SolutionGuid = {D0F721AD-2FCC-4C55-B156-1E69779EC29D}
	EndGlobalSection
EndGlobal
